
Microsoft Visual Studio Solution File, Format Version 12.00
# Visual Studio Version 17
VisualStudioVersion = 17.3.32811.315
MinimumVisualStudioVersion = 10.0.40219.1
Project("{FAE04EC0-301F-11D3-BF4B-00C04F79EFBC}") = "Music_player1", "Music_player1.csproj", "{92B3590B-863F-4475-8CC9-9F44E4BE8899}"
EndProject
Global
	GlobalSection(SolutionConfigurationPlatforms) = preSolution
		Debug|Any CPU = Debug|Any CPU
		Release|Any CPU = Release|Any CPU
	EndGlobalSection
	GlobalSection(ProjectConfigurationPlatforms) = postSolution
		{92B3590B-863F-4475-8CC9-9F44E4BE8899}.Debug|Any CPU.ActiveCfg = Debug|Any CPU
		{92B3590B-863F-4475-8CC9-9F44E4BE8899}.Debug|Any CPU.Build.0 = Debug|Any CPU
		{92B3590B-863F-4475-8CC9-9F44E4BE8899}.Release|Any CPU.ActiveCfg = Release|Any CPU
		{92B3590B-863F-4475-8CC9-9F44E4BE8899}.Release|Any CPU.Build.0 = Release|Any CPU
	EndGlobalSection
	GlobalSection(SolutionProperties) = preSolution
		HideSolutionNode = FALSE
	EndGlobalSection
	GlobalSection(ExtensibilityGlobals) = postSolution
		SolutionGuid = {5C20BCE3-6479-42A1-B629-93537B3A04B8}
	EndGlobalSection
EndGlobal
